// !$*UTF8*$!
{
	archiveVersion = 1;
	classes = {
	};
	objectVersion = 50;
	objects = {

/* Begin PBXBuildFile section */
		BA2A9A4E225E6C880016E908 /* Additional.swift in Sources */ = {isa = PBXBuildFile; fileRef = BA2A9A4D225E6C880016E908 /* Additional.swift */; };
		BA615156225F3C5200E2B71F /* ChatBotAnswer.swift in Sources */ = {isa = PBXBuildFile; fileRef = BA615155225F3C5200E2B71F /* ChatBotAnswer.swift */; };
		BA618C5922620DCB00FC185F /* MessageCell.swift in Sources */ = {isa = PBXBuildFile; fileRef = BA618C5822620DCB00FC185F /* MessageCell.swift */; };
		BA618C5B22621FC700FC185F /* SuggestionCell.swift in Sources */ = {isa = PBXBuildFile; fileRef = BA618C5A22621FC700FC185F /* SuggestionCell.swift */; };
		BAE3BC9F22575E23005A878F /* AppDelegate.swift in Sources */ = {isa = PBXBuildFile; fileRef = BAE3BC9E22575E23005A878F /* AppDelegate.swift */; };
		BAE3BCA122575E23005A878F /* ViewController.swift in Sources */ = {isa = PBXBuildFile; fileRef = BAE3BCA022575E23005A878F /* ViewController.swift */; };
		BAE3BCA622575E25005A878F /* Assets.xcassets in Resources */ = {isa = PBXBuildFile; fileRef = BAE3BCA522575E25005A878F /* Assets.xcassets */; };
		BAE3BCA922575E25005A878F /* LaunchScreen.storyboard in Resources */ = {isa = PBXBuildFile; fileRef = BAE3BCA722575E25005A878F /* LaunchScreen.storyboard */; };
		BAE3BCB122575EE3005A878F /* Extensions.swift in Sources */ = {isa = PBXBuildFile; fileRef = BAE3BCB022575EE3005A878F /* Extensions.swift */; };
/* End PBXBuildFile section */

/* Begin PBXFileReference section */
		BA2A9A4D225E6C880016E908 /* Additional.swift */ = {isa = PBXFileReference; lastKnownFileType = sourcecode.swift; path = Additional.swift; sourceTree = "<group>"; };
		BA615155225F3C5200E2B71F /* ChatBotAnswer.swift */ = {isa = PBXFileReference; lastKnownFileType = sourcecode.swift; path = ChatBotAnswer.swift; sourceTree = "<group>"; };
		BA618C5822620DCB00FC185F /* MessageCell.swift */ = {isa = PBXFileReference; lastKnownFileType = sourcecode.swift; path = MessageCell.swift; sourceTree = "<group>"; };
		BA618C5A22621FC700FC185F /* SuggestionCell.swift */ = {isa = PBXFileReference; lastKnownFileType = sourcecode.swift; path = SuggestionCell.swift; sourceTree = "<group>"; };
		BAE3BC9B22575E23005A878F /* RusEdit.app */ = {isa = PBXFileReference; explicitFileType = wrapper.application; includeInIndex = 0; path = RusEdit.app; sourceTree = BUILT_PRODUCTS_DIR; };
		BAE3BC9E22575E23005A878F /* AppDelegate.swift */ = {isa = PBXFileReference; lastKnownFileType = sourcecode.swift; path = AppDelegate.swift; sourceTree = "<group>"; };
		BAE3BCA022575E23005A878F /* ViewController.swift */ = {isa = PBXFileReference; lastKnownFileType = sourcecode.swift; path = ViewController.swift; sourceTree = "<group>"; };
		BAE3BCA522575E25005A878F /* Assets.xcassets */ = {isa = PBXFileReference; lastKnownFileType = folder.assetcatalog; path = Assets.xcassets; sourceTree = "<group>"; };
		BAE3BCA822575E25005A878F /* Base */ = {isa = PBXFileReference; lastKnownFileType = file.storyboard; name = Base; path = Base.lproj/LaunchScreen.storyboard; sourceTree = "<group>"; };
		BAE3BCAA22575E25005A878F /* Info.plist */ = {isa = PBXFileReference; lastKnownFileType = text.plist.xml; path = Info.plist; sourceTree = "<group>"; };
		BAE3BCB022575EE3005A878F /* Extensions.swift */ = {isa = PBXFileReference; lastKnownFileType = sourcecode.swift; path = Extensions.swift; sourceTree = "<group>"; };
/* End PBXFileReference section */

/* Begin PBXFrameworksBuildPhase section */
		BAE3BC9822575E23005A878F /* Frameworks */ = {
			isa = PBXFrameworksBuildPhase;
			buildActionMask = 2147483647;
			files = (
			);
			runOnlyForDeploymentPostprocessing = 0;
		};
/* End PBXFrameworksBuildPhase section */

/* Begin PBXGroup section */
		BAE3BC9222575E23005A878F = {
			isa = PBXGroup;
			children = (
				BAE3BC9D22575E23005A878F /* RusEdit */,
				BAE3BC9C22575E23005A878F /* Products */,
			);
			sourceTree = "<group>";
		};
		BAE3BC9C22575E23005A878F /* Products */ = {
			isa = PBXGroup;
			children = (
				BAE3BC9B22575E23005A878F /* RusEdit.app */,
			);
			name = Products;
			sourceTree = "<group>";
		};
		BAE3BC9D22575E23005A878F /* RusEdit */ = {
			isa = PBXGroup;
			children = (
				BAE3BC9E22575E23005A878F /* AppDelegate.swift */,
				BAE3BCA022575E23005A878F /* ViewController.swift */,
				BAE3BCA522575E25005A878F /* Assets.xcassets */,
				BAE3BCA722575E25005A878F /* LaunchScreen.storyboard */,
				BAE3BCAA22575E25005A878F /* Info.plist */,
				BAE3BCB022575EE3005A878F /* Extensions.swift */,
				BA2A9A4D225E6C880016E908 /* Additional.swift */,
				BA615155225F3C5200E2B71F /* ChatBotAnswer.swift */,
				BA618C5822620DCB00FC185F /* MessageCell.swift */,
				BA618C5A22621FC700FC185F /* SuggestionCell.swift */,
			);
			path = RusEdit;
			sourceTree = "<group>";
		};
/* End PBXGroup section */

/* Begin PBXNativeTarget section */
		BAE3BC9A22575E23005A878F /* RusEdit */ = {
			isa = PBXNativeTarget;
			buildConfigurationList = BAE3BCAD22575E25005A878F /* Build configuration list for PBXNativeTarget "RusEdit" */;
			buildPhases = (
				BAE3BC9722575E23005A878F /* Sources */,
				BAE3BC9822575E23005A878F /* Frameworks */,
				BAE3BC9922575E23005A878F /* Resources */,
			);
			buildRules = (
			);
			dependencies = (
			);
			name = RusEdit;
			productName = RusEdit;
			productReference = BAE3BC9B22575E23005A878F /* RusEdit.app */;
			productType = "com.apple.product-type.application";
		};
/* End PBXNativeTarget section */

/* Begin PBXProject section */
		BAE3BC9322575E23005A878F /* Project object */ = {
			isa = PBXProject;
			attributes = {
				LastSwiftUpdateCheck = 1020;
				LastUpgradeCheck = 1020;
				ORGANIZATIONNAME = "Maxim Reshetov";
				TargetAttributes = {
					BAE3BC9A22575E23005A878F = {
						CreatedOnToolsVersion = 10.2;
					};
				};
			};
			buildConfigurationList = BAE3BC9622575E23005A878F /* Build configuration list for PBXProject "RusEdit" */;
			compatibilityVersion = "Xcode 9.3";
			developmentRegion = en;
			hasScannedForEncodings = 0;
			knownRegions = (
				en,
				Base,
			);
			mainGroup = BAE3BC9222575E23005A878F;
			productRefGroup = BAE3BC9C22575E23005A878F /* Products */;
			projectDirPath = "";
			projectRoot = "";
			targets = (
				BAE3BC9A22575E23005A878F /* RusEdit */,
			);
		};
/* End PBXProject section */

/* Begin PBXResourcesBuildPhase section */
		BAE3BC9922575E23005A878F /* Resources */ = {
			isa = PBXResourcesBuildPhase;
			buildActionMask = 2147483647;
			files = (
				BAE3BCA922575E25005A878F /* LaunchScreen.storyboard in Resources */,
				BAE3BCA622575E25005A878F /* Assets.xcassets in Resources */,
			);
			runOnlyForDeploymentPostprocessing = 0;
		};
/* End PBXResourcesBuildPhase section */

/* Begin PBXSourcesBuildPhase section */
		BAE3BC9722575E23005A878F /* Sources */ = {
			isa = PBXSourcesBuildPhase;
			buildActionMask = 2147483647;
			files = (
				BA2A9A4E225E6C880016E908 /* Additional.swift in Sources */,
				BAE3BCA122575E23005A878F /* ViewController.swift in Sources */,
				BA615156225F3C5200E2B71F /* ChatBotAnswer.swift in Sources */,
				BA618C5B22621FC700FC185F /* SuggestionCell.swift in Sources */,
				BAE3BCB122575EE3005A878F /* Extensions.swift in Sources */,
				BAE3BC9F22575E23005A878F /* AppDelegate.swift in Sources */,
				BA618C5922620DCB00FC185F /* MessageCell.swift in Sources */,
			);
			runOnlyForDeploymentPostprocessing = 0;
		};
/* End PBXSourcesBuildPhase section */

/* Begin PBXVariantGroup section */
		BAE3BCA722575E25005A878F /* LaunchScreen.storyboard */ = {
			isa = PBXVariantGroup;
			children = (
				BAE3BCA822575E25005A878F /* Base */,
			);
			name = LaunchScreen.storyboard;
			sourceTree = "<group>";
		};
/* End PBXVariantGroup section */

/* Begin XCBuildConfiguration section */
		BAE3BCAB22575E25005A878F /* Debug */ = {
			isa = XCBuildConfiguration;
			buildSettings = {
				ALWAYS_SEARCH_USER_PATHS = NO;
				CLANG_ANALYZER_NONNULL = YES;
				CLANG_ANALYZER_NUMBER_OBJECT_CONVERSION = YES_AGGRESSIVE;
				CLANG_CXX_LANGUAGE_STANDARD = "gnu++14";
				CLANG_CXX_LIBRARY = "libc++";
				CLANG_ENABLE_MODULES = YES;
				CLANG_ENABLE_OBJC_ARC = YES;
				CLANG_ENABLE_OBJC_WEAK = YES;
				CLANG_WARN_BLOCK_CAPTURE_AUTORELEASING = YES;
				CLANG_WARN_BOOL_CONVERSION = YES;
				CLANG_WARN_COMMA = YES;
				CLANG_WARN_CONSTANT_CONVERSION = YES;
				CLANG_WARN_DEPRECATED_OBJC_IMPLEMENTATIONS = YES;
				CLANG_WARN_DIRECT_OBJC_ISA_USAGE = YES_ERROR;
				CLANG_WARN_DOCUMENTATION_COMMENTS = YES;
				CLANG_WARN_EMPTY_BODY = YES;
				CLANG_WARN_ENUM_CONVERSION = YES;
				CLANG_WARN_INFINITE_RECURSION = YES;
				CLANG_WARN_INT_CONVERSION = YES;
				CLANG_WARN_NON_LITERAL_NULL_CONVERSION = YES;
				CLANG_WARN_OBJC_IMPLICIT_RETAIN_SELF = YES;
				CLANG_WARN_OBJC_LITERAL_CONVERSION = YES;
				CLANG_WARN_OBJC_ROOT_CLASS = YES_ERROR;
				CLANG_WARN_RANGE_LOOP_ANALYSIS = YES;
				CLANG_WARN_STRICT_PROTOTYPES = YES;
				CLANG_WARN_SUSPICIOUS_MOVE = YES;
				CLANG_WARN_UNGUARDED_AVAILABILITY = YES_AGGRESSIVE;
				CLANG_WARN_UNREACHABLE_CODE = YES;
				CLANG_WARN__DUPLICATE_METHOD_MATCH = YES;
				CODE_SIGN_IDENTITY = "iPhone Developer";
				COPY_PHASE_STRIP = NO;
				DEBUG_INFORMATION_FORMAT = dwarf;
				ENABLE_STRICT_OBJC_MSGSEND = YES;
				ENABLE_TESTABILITY = YES;
				GCC_C_LANGUAGE_STANDARD = gnu11;
				GCC_DYNAMIC_NO_PIC = NO;
				GCC_NO_COMMON_BLOCKS = YES;
				GCC_OPTIMIZATION_LEVEL = 0;
				GCC_PREPROCESSOR_DEFINITIONS = (
					"DEBUG=1",
					"$(inherited)",
				);
				GCC_WARN_64_TO_32_BIT_CONVERSION = YES;
				GCC_WARN_ABOUT_RETURN_TYPE = YES_ERROR;
				GCC_WARN_UNDECLARED_SELECTOR = YES;
				GCC_WARN_UNINITIALIZED_AUTOS = YES_AGGRESSIVE;
				GCC_WARN_UNUSED_FUNCTION = YES;
				GCC_WARN_UNUSED_VARIABLE = YES;
				IPHONEOS_DEPLOYMENT_TARGET = 12.2;
				MTL_ENABLE_DEBUG_INFO = INCLUDE_SOURCE;
				MTL_FAST_MATH = YES;
				ONLY_ACTIVE_ARCH = YES;
				SDKROOT = iphoneos;
				SWIFT_ACTIVE_COMPILATION_CONDITIONS = DEBUG;
				SWIFT_OPTIMIZATION_LEVEL = "-Onone";
			};
			name = Debug;
		};
		BAE3BCAC22575E25005A878F /* Release */ = {
			isa = XCBuildConfiguration;
			buildSettings = {
				ALWAYS_SEARCH_USER_PATHS = NO;
				CLANG_ANALYZER_NONNULL = YES;
				CLANG_ANALYZER_NUMBER_OBJECT_CONVERSION = YES_AGGRESSIVE;
				CLANG_CXX_LANGUAGE_STANDARD = "gnu++14";
				CLANG_CXX_LIBRARY = "libc++";
				CLANG_ENABLE_MODULES = YES;
				CLANG_ENABLE_OBJC_ARC = YES;
				CLANG_ENABLE_OBJC_WEAK = YES;
				CLANG_WARN_BLOCK_CAPTURE_AUTORELEASING = YES;
				CLANG_WARN_BOOL_CONVERSION = YES;
				CLANG_WARN_COMMA = YES;
				CLANG_WARN_CONSTANT_CONVERSION = YES;
				CLANG_WARN_DEPRECATED_OBJC_IMPLEMENTATIONS = YES;
				CLANG_WARN_DIRECT_OBJC_ISA_USAGE = YES_ERROR;
				CLANG_WARN_DOCUMENTATION_COMMENTS = YES;
				CLANG_WARN_EMPTY_BODY = YES;
				CLANG_WARN_ENUM_CONVERSION = YES;
				CLANG_WARN_INFINITE_RECURSION = YES;
				CLANG_WARN_INT_CONVERSION = YES;
				CLANG_WARN_NON_LITERAL_NULL_CONVERSION = YES;
				CLANG_WARN_OBJC_IMPLICIT_RETAIN_SELF = YES;
				CLANG_WARN_OBJC_LITERAL_CONVERSION = YES;
				CLANG_WARN_OBJC_ROOT_CLASS = YES_ERROR;
				CLANG_WARN_RANGE_LOOP_ANALYSIS = YES;
				CLANG_WARN_STRICT_PROTOTYPES = YES;
				CLANG_WARN_SUSPICIOUS_MOVE = YES;
				CLANG_WARN_UNGUARDED_AVAILABILITY = YES_AGGRESSIVE;
				CLANG_WARN_UNREACHABLE_CODE = YES;
				CLANG_WARN__DUPLICATE_METHOD_MATCH = YES;
				CODE_SIGN_IDENTITY = "iPhone Developer";
				COPY_PHASE_STRIP = NO;
				DEBUG_INFORMATION_FORMAT = "dwarf-with-dsym";
				ENABLE_NS_ASSERTIONS = NO;
				ENABLE_STRICT_OBJC_MSGSEND = YES;
				GCC_C_LANGUAGE_STANDARD = gnu11;
				GCC_NO_COMMON_BLOCKS = YES;
				GCC_WARN_64_TO_32_BIT_CONVERSION = YES;
				GCC_WARN_ABOUT_RETURN_TYPE = YES_ERROR;
				GCC_WARN_UNDECLARED_SELECTOR = YES;
				GCC_WARN_UNINITIALIZED_AUTOS = YES_AGGRESSIVE;
				GCC_WARN_UNUSED_FUNCTION = YES;
				GCC_WARN_UNUSED_VARIABLE = YES;
				IPHONEOS_DEPLOYMENT_TARGET = 12.2;
				MTL_ENABLE_DEBUG_INFO = NO;
				MTL_FAST_MATH = YES;
				SDKROOT = iphoneos;
				SWIFT_COMPILATION_MODE = wholemodule;
				SWIFT_OPTIMIZATION_LEVEL = "-O";
				VALIDATE_PRODUCT = YES;
			};
			name = Release;
		};
		BAE3BCAE22575E25005A878F /* Debug */ = {
			isa = XCBuildConfiguration;
			buildSettings = {
				ASSETCATALOG_COMPILER_APPICON_NAME = AppIcon;
				CODE_SIGN_STYLE = Automatic;
				DEVELOPMENT_TEAM = 78FSRJL5ZR;
				INFOPLIST_FILE = RusEdit/Info.plist;
				IPHONEOS_DEPLOYMENT_TARGET = 12.0;
				LD_RUNPATH_SEARCH_PATHS = (
					"$(inherited)",
					"@executable_path/Frameworks",
				);
				PRODUCT_BUNDLE_IDENTIFIER = Reshetov.studio.RusEdit;
				PRODUCT_NAME = "$(TARGET_NAME)";
				SWIFT_VERSION = 5.0;
				TARGETED_DEVICE_FAMILY = 1;
			};
			name = Debug;
		};
		BAE3BCAF22575E25005A878F /* Release */ = {
			isa = XCBuildConfiguration;
			buildSettings = {
				ASSETCATALOG_COMPILER_APPICON_NAME = AppIcon;
				CODE_SIGN_STYLE = Automatic;
				DEVELOPMENT_TEAM = 78FSRJL5ZR;
				INFOPLIST_FILE = RusEdit/Info.plist;
				IPHONEOS_DEPLOYMENT_TARGET = 12.0;
				LD_RUNPATH_SEARCH_PATHS = (
					"$(inherited)",
					"@executable_path/Frameworks",
				);
				PRODUCT_BUNDLE_IDENTIFIER = Reshetov.studio.RusEdit;
				PRODUCT_NAME = "$(TARGET_NAME)";
				SWIFT_VERSION = 5.0;
				TARGETED_DEVICE_FAMILY = 1;
			};
			name = Release;
		};
/* End XCBuildConfiguration section */

/* Begin XCConfigurationList section */
		BAE3BC9622575E23005A878F /* Build configuration list for PBXProject "RusEdit" */ = {
			isa = XCConfigurationList;
			buildConfigurations = (
				BAE3BCAB22575E25005A878F /* Debug */,
				BAE3BCAC22575E25005A878F /* Release */,
			);
			defaultConfigurationIsVisible = 0;
			defaultConfigurationName = Release;
		};
		BAE3BCAD22575E25005A878F /* Build configuration list for PBXNativeTarget "RusEdit" */ = {
			isa = XCConfigurationList;
			buildConfigurations = (
				BAE3BCAE22575E25005A878F /* Debug */,
				BAE3BCAF22575E25005A878F /* Release */,
			);
			defaultConfigurationIsVisible = 0;
			defaultConfigurationName = Release;
		};
/* End XCConfigurationList section */
	};
	rootObject = BAE3BC9322575E23005A878F /* Project object */;
}
